
Microsoft Visual Studio Solution File, Format Version 12.00
# Visual Studio Version 17
VisualStudioVersion = 17.5.33627.172
MinimumVisualStudioVersion = 10.0.40219.1
Project("{9A19103F-16F7-4668-BE54-9A1E7A4F7556}") = "01. Bitcoin Miners", "01. Bitcoin Miners\01. Bitcoin Miners.csproj", "{E178353D-863C-4C61-9B70-6AB1A6B64D52}"
EndProject
Project("{9A19103F-16F7-4668-BE54-9A1E7A4F7556}") = "02. Chainalysis", "02. Chainalysis\02. Chainalysis.csproj", "{E3B88540-F026-4948-85D1-86A758CCB785}"
EndProject
Project("{9A19103F-16F7-4668-BE54-9A1E7A4F7556}") = "03. Bitcoin Transactions", "03. Bitcoin Transactions\03. Bitcoin Transactions.csproj", "{B3C95B13-FD2E-4FC2-8A8E-B89F004543D4}"
EndProject
Project("{9A19103F-16F7-4668-BE54-9A1E7A4F7556}") = "Bitcoin_Transactions2.0", "Bitcoin_Transactions2.0\Bitcoin_Transactions2.0.csproj", "{B0BEFF27-E193-4039-921B-5D85790242B8}"
EndProject
Project("{FAE04EC0-301F-11D3-BF4B-00C04F79EFBC}") = "Bitcoin_Trancastion3.0", "Bitcoin_Trancastion3.0\Bitcoin_Trancastion3.0.csproj", "{E78BC7F0-5D49-4D68-BA71-460364E19738}"
EndProject
Global
	GlobalSection(SolutionConfigurationPlatforms) = preSolution
		Debug|Any CPU = Debug|Any CPU
		Release|Any CPU = Release|Any CPU
	EndGlobalSection
	GlobalSection(ProjectConfigurationPlatforms) = postSolution
		{E178353D-863C-4C61-9B70-6AB1A6B64D52}.Debug|Any CPU.ActiveCfg = Debug|Any CPU
		{E178353D-863C-4C61-9B70-6AB1A6B64D52}.Debug|Any CPU.Build.0 = Debug|Any CPU
		{E178353D-863C-4C61-9B70-6AB1A6B64D52}.Release|Any CPU.ActiveCfg = Release|Any CPU
		{E178353D-863C-4C61-9B70-6AB1A6B64D52}.Release|Any CPU.Build.0 = Release|Any CPU
		{E3B88540-F026-4948-85D1-86A758CCB785}.Debug|Any CPU.ActiveCfg = Debug|Any CPU
		{E3B88540-F026-4948-85D1-86A758CCB785}.Debug|Any CPU.Build.0 = Debug|Any CPU
		{E3B88540-F026-4948-85D1-86A758CCB785}.Release|Any CPU.ActiveCfg = Release|Any CPU
		{E3B88540-F026-4948-85D1-86A758CCB785}.Release|Any CPU.Build.0 = Release|Any CPU
		{B3C95B13-FD2E-4FC2-8A8E-B89F004543D4}.Debug|Any CPU.ActiveCfg = Debug|Any CPU
		{B3C95B13-FD2E-4FC2-8A8E-B89F004543D4}.Debug|Any CPU.Build.0 = Debug|Any CPU
		{B3C95B13-FD2E-4FC2-8A8E-B89F004543D4}.Release|Any CPU.ActiveCfg = Release|Any CPU
		{B3C95B13-FD2E-4FC2-8A8E-B89F004543D4}.Release|Any CPU.Build.0 = Release|Any CPU
		{B0BEFF27-E193-4039-921B-5D85790242B8}.Debug|Any CPU.ActiveCfg = Debug|Any CPU
		{B0BEFF27-E193-4039-921B-5D85790242B8}.Debug|Any CPU.Build.0 = Debug|Any CPU
		{B0BEFF27-E193-4039-921B-5D85790242B8}.Release|Any CPU.ActiveCfg = Release|Any CPU
		{B0BEFF27-E193-4039-921B-5D85790242B8}.Release|Any CPU.Build.0 = Release|Any CPU
		{E78BC7F0-5D49-4D68-BA71-460364E19738}.Debug|Any CPU.ActiveCfg = Debug|Any CPU
		{E78BC7F0-5D49-4D68-BA71-460364E19738}.Debug|Any CPU.Build.0 = Debug|Any CPU
		{E78BC7F0-5D49-4D68-BA71-460364E19738}.Release|Any CPU.ActiveCfg = Release|Any CPU
		{E78BC7F0-5D49-4D68-BA71-460364E19738}.Release|Any CPU.Build.0 = Release|Any CPU
	EndGlobalSection
	GlobalSection(SolutionProperties) = preSolution
		HideSolutionNode = FALSE
	EndGlobalSection
	GlobalSection(ExtensibilityGlobals) = postSolution
		SolutionGuid = {C067C392-1616-456B-ABCE-093352520882}
	EndGlobalSection
EndGlobal
